// !$*UTF8*$!
{
	archiveVersion = 1;
	classes = {
	};
	objectVersion = 50;
	objects = {

/* Begin PBXBuildFile section */
		5F03379423F4952000C05850 /* AppDelegate.swift in Sources */ = {isa = PBXBuildFile; fileRef = 5F03379323F4952000C05850 /* AppDelegate.swift */; };
		5F03379623F4952000C05850 /* SceneDelegate.swift in Sources */ = {isa = PBXBuildFile; fileRef = 5F03379523F4952000C05850 /* SceneDelegate.swift */; };
		5F03379823F4952000C05850 /* ContentView.swift in Sources */ = {isa = PBXBuildFile; fileRef = 5F03379723F4952000C05850 /* ContentView.swift */; };
		5F03379A23F4952200C05850 /* Assets.xcassets in Resources */ = {isa = PBXBuildFile; fileRef = 5F03379923F4952200C05850 /* Assets.xcassets */; };
		5F03379D23F4952200C05850 /* Preview Assets.xcassets in Resources */ = {isa = PBXBuildFile; fileRef = 5F03379C23F4952200C05850 /* Preview Assets.xcassets */; };
		5F0337AB23F4952300C05850 /* Project_AppTests.swift in Sources */ = {isa = PBXBuildFile; fileRef = 5F0337AA23F4952300C05850 /* Project_AppTests.swift */; };
		5F0337B623F4952300C05850 /* Project_AppUITests.swift in Sources */ = {isa = PBXBuildFile; fileRef = 5F0337B523F4952300C05850 /* Project_AppUITests.swift */; };
		5F0E1A7C23F64F690057FB2F /* Stuff.swift in Sources */ = {isa = PBXBuildFile; fileRef = 5F0E1A7B23F64F690057FB2F /* Stuff.swift */; };
		5F176C4F240F084D001FFEDA /* Camera.swift in Sources */ = {isa = PBXBuildFile; fileRef = 5F176C4E240F084D001FFEDA /* Camera.swift */; };
		5F6BABD623F8A57E00E68E2F /* ImagePicker.swift in Sources */ = {isa = PBXBuildFile; fileRef = 5F6BABD523F8A57E00E68E2F /* ImagePicker.swift */; };
		5F7A9D0B23F5DE100015C5DE /* RowViews.swift in Sources */ = {isa = PBXBuildFile; fileRef = 5F7A9D0A23F5DE100015C5DE /* RowViews.swift */; };
		5F7A9D0D23F5DED90015C5DE /* People.swift in Sources */ = {isa = PBXBuildFile; fileRef = 5F7A9D0C23F5DED90015C5DE /* People.swift */; };
		5FCE475123F4AAD0009ADD00 /* CircleImage.swift in Sources */ = {isa = PBXBuildFile; fileRef = 5FCE475023F4AAD0009ADD00 /* CircleImage.swift */; };
		5FCE475323F4AC01009ADD00 /* MapView.swift in Sources */ = {isa = PBXBuildFile; fileRef = 5FCE475223F4AC01009ADD00 /* MapView.swift */; };
/* End PBXBuildFile section */

/* Begin PBXContainerItemProxy section */
		5F0337A723F4952300C05850 /* PBXContainerItemProxy */ = {
			isa = PBXContainerItemProxy;
			containerPortal = 5F03378823F4952000C05850 /* Project object */;
			proxyType = 1;
			remoteGlobalIDString = 5F03378F23F4952000C05850;
			remoteInfo = "Project App";
		};
		5F0337B223F4952300C05850 /* PBXContainerItemProxy */ = {
			isa = PBXContainerItemProxy;
			containerPortal = 5F03378823F4952000C05850 /* Project object */;
			proxyType = 1;
			remoteGlobalIDString = 5F03378F23F4952000C05850;
			remoteInfo = "Project App";
		};
/* End PBXContainerItemProxy section */

/* Begin PBXFileReference section */
		5F03379023F4952000C05850 /* Project App.app */ = {isa = PBXFileReference; explicitFileType = wrapper.application; includeInIndex = 0; path = "Project App.app"; sourceTree = BUILT_PRODUCTS_DIR; };
		5F03379323F4952000C05850 /* AppDelegate.swift */ = {isa = PBXFileReference; lastKnownFileType = sourcecode.swift; name = AppDelegate.swift; path = "/Users/jeffersonsantiago/Desktop/Project/Project App/Project App/AppDelegate.swift"; sourceTree = "<absolute>"; };
		5F03379523F4952000C05850 /* SceneDelegate.swift */ = {isa = PBXFileReference; lastKnownFileType = sourcecode.swift; path = SceneDelegate.swift; sourceTree = "<group>"; };
		5F03379723F4952000C05850 /* ContentView.swift */ = {isa = PBXFileReference; lastKnownFileType = sourcecode.swift; path = ContentView.swift; sourceTree = "<group>"; };
		5F03379923F4952200C05850 /* Assets.xcassets */ = {isa = PBXFileReference; lastKnownFileType = folder.assetcatalog; path = Assets.xcassets; sourceTree = "<group>"; };
		5F03379C23F4952200C05850 /* Preview Assets.xcassets */ = {isa = PBXFileReference; lastKnownFileType = folder.assetcatalog; path = "Preview Assets.xcassets"; sourceTree = "<group>"; };
		5F0337A123F4952200C05850 /* Info.plist */ = {isa = PBXFileReference; lastKnownFileType = text.plist.xml; path = Info.plist; sourceTree = "<group>"; };
		5F0337A623F4952300C05850 /* Project AppTests.xctest */ = {isa = PBXFileReference; explicitFileType = wrapper.cfbundle; includeInIndex = 0; path = "Project AppTests.xctest"; sourceTree = BUILT_PRODUCTS_DIR; };
		5F0337AA23F4952300C05850 /* Project_AppTests.swift */ = {isa = PBXFileReference; lastKnownFileType = sourcecode.swift; path = Project_AppTests.swift; sourceTree = "<group>"; };
		5F0337AC23F4952300C05850 /* Info.plist */ = {isa = PBXFileReference; lastKnownFileType = text.plist.xml; path = Info.plist; sourceTree = "<group>"; };
		5F0337B123F4952300C05850 /* Project AppUITests.xctest */ = {isa = PBXFileReference; explicitFileType = wrapper.cfbundle; includeInIndex = 0; path = "Project AppUITests.xctest"; sourceTree = BUILT_PRODUCTS_DIR; };
		5F0337B523F4952300C05850 /* Project_AppUITests.swift */ = {isa = PBXFileReference; lastKnownFileType = sourcecode.swift; path = Project_AppUITests.swift; sourceTree = "<group>"; };
		5F0337B723F4952300C05850 /* Info.plist */ = {isa = PBXFileReference; lastKnownFileType = text.plist.xml; path = Info.plist; sourceTree = "<group>"; };
		5F0E1A7B23F64F690057FB2F /* Stuff.swift */ = {isa = PBXFileReference; lastKnownFileType = sourcecode.swift; path = Stuff.swift; sourceTree = "<group>"; };
		5F176C4E240F084D001FFEDA /* Camera.swift */ = {isa = PBXFileReference; lastKnownFileType = sourcecode.swift; path = Camera.swift; sourceTree = "<group>"; };
		5F6BABD523F8A57E00E68E2F /* ImagePicker.swift */ = {isa = PBXFileReference; lastKnownFileType = sourcecode.swift; path = ImagePicker.swift; sourceTree = "<group>"; };
		5F7A9D0A23F5DE100015C5DE /* RowViews.swift */ = {isa = PBXFileReference; lastKnownFileType = sourcecode.swift; path = RowViews.swift; sourceTree = "<group>"; };
		5F7A9D0C23F5DED90015C5DE /* People.swift */ = {isa = PBXFileReference; lastKnownFileType = sourcecode.swift; path = People.swift; sourceTree = "<group>"; };
		5FCE475023F4AAD0009ADD00 /* CircleImage.swift */ = {isa = PBXFileReference; lastKnownFileType = sourcecode.swift; path = CircleImage.swift; sourceTree = "<group>"; };
		5FCE475223F4AC01009ADD00 /* MapView.swift */ = {isa = PBXFileReference; lastKnownFileType = sourcecode.swift; path = MapView.swift; sourceTree = "<group>"; };
/* End PBXFileReference section */

/* Begin PBXFrameworksBuildPhase section */
		5F03378D23F4952000C05850 /* Frameworks */ = {
			isa = PBXFrameworksBuildPhase;
			buildActionMask = 2147483647;
			files = (
			);
			runOnlyForDeploymentPostprocessing = 0;
		};
		5F0337A323F4952300C05850 /* Frameworks */ = {
			isa = PBXFrameworksBuildPhase;
			buildActionMask = 2147483647;
			files = (
			);
			runOnlyForDeploymentPostprocessing = 0;
		};
		5F0337AE23F4952300C05850 /* Frameworks */ = {
			isa = PBXFrameworksBuildPhase;
			buildActionMask = 2147483647;
			files = (
			);
			runOnlyForDeploymentPostprocessing = 0;
		};
/* End PBXFrameworksBuildPhase section */

/* Begin PBXGroup section */
		5F03378723F4952000C05850 = {
			isa = PBXGroup;
			children = (
				5F03379223F4952000C05850 /* Project App */,
				5F0337A923F4952300C05850 /* Project AppTests */,
				5F0337B423F4952300C05850 /* Project AppUITests */,
				5F03379123F4952000C05850 /* Products */,
			);
			sourceTree = "<group>";
			usesTabs = 0;
		};
		5F03379123F4952000C05850 /* Products */ = {
			isa = PBXGroup;
			children = (
				5F03379023F4952000C05850 /* Project App.app */,
				5F0337A623F4952300C05850 /* Project AppTests.xctest */,
				5F0337B123F4952300C05850 /* Project AppUITests.xctest */,
			);
			name = Products;
			sourceTree = "<group>";
		};
		5F03379223F4952000C05850 /* Project App */ = {
			isa = PBXGroup;
			children = (
				5F03379323F4952000C05850 /* AppDelegate.swift */,
				5F03379523F4952000C05850 /* SceneDelegate.swift */,
				5F03379723F4952000C05850 /* ContentView.swift */,
				5F6BABD523F8A57E00E68E2F /* ImagePicker.swift */,
				5F176C4E240F084D001FFEDA /* Camera.swift */,
				5F7A9D0A23F5DE100015C5DE /* RowViews.swift */,
				5F7A9D0C23F5DED90015C5DE /* People.swift */,
				5FCE475023F4AAD0009ADD00 /* CircleImage.swift */,
				5F0E1A7B23F64F690057FB2F /* Stuff.swift */,
				5FCE475223F4AC01009ADD00 /* MapView.swift */,
				5F03379923F4952200C05850 /* Assets.xcassets */,
				5F0337A123F4952200C05850 /* Info.plist */,
				5F03379B23F4952200C05850 /* Preview Content */,
			);
			path = "Project App";
			sourceTree = "<group>";
		};
		5F03379B23F4952200C05850 /* Preview Content */ = {
			isa = PBXGroup;
			children = (
				5F03379C23F4952200C05850 /* Preview Assets.xcassets */,
			);
			path = "Preview Content";
			sourceTree = "<group>";
		};
		5F0337A923F4952300C05850 /* Project AppTests */ = {
			isa = PBXGroup;
			children = (
				5F0337AA23F4952300C05850 /* Project_AppTests.swift */,
				5F0337AC23F4952300C05850 /* Info.plist */,
			);
			path = "Project AppTests";
			sourceTree = "<group>";
		};
		5F0337B423F4952300C05850 /* Project AppUITests */ = {
			isa = PBXGroup;
			children = (
				5F0337B523F4952300C05850 /* Project_AppUITests.swift */,
				5F0337B723F4952300C05850 /* Info.plist */,
			);
			path = "Project AppUITests";
			sourceTree = "<group>";
		};
/* End PBXGroup section */

/* Begin PBXNativeTarget section */
		5F03378F23F4952000C05850 /* Project App */ = {
			isa = PBXNativeTarget;
			buildConfigurationList = 5F0337BA23F4952300C05850 /* Build configuration list for PBXNativeTarget "Project App" */;
			buildPhases = (
				5F03378C23F4952000C05850 /* Sources */,
				5F03378D23F4952000C05850 /* Frameworks */,
				5F03378E23F4952000C05850 /* Resources */,
			);
			buildRules = (
			);
			dependencies = (
			);
			name = "Project App";
			productName = "Project App";
			productReference = 5F03379023F4952000C05850 /* Project App.app */;
			productType = "com.apple.product-type.application";
		};
		5F0337A523F4952300C05850 /* Project AppTests */ = {
			isa = PBXNativeTarget;
			buildConfigurationList = 5F0337BD23F4952300C05850 /* Build configuration list for PBXNativeTarget "Project AppTests" */;
			buildPhases = (
				5F0337A223F4952300C05850 /* Sources */,
				5F0337A323F4952300C05850 /* Frameworks */,
				5F0337A423F4952300C05850 /* Resources */,
			);
			buildRules = (
			);
			dependencies = (
				5F0337A823F4952300C05850 /* PBXTargetDependency */,
			);
			name = "Project AppTests";
			productName = "Project AppTests";
			productReference = 5F0337A623F4952300C05850 /* Project AppTests.xctest */;
			productType = "com.apple.product-type.bundle.unit-test";
		};
		5F0337B023F4952300C05850 /* Project AppUITests */ = {
			isa = PBXNativeTarget;
			buildConfigurationList = 5F0337C023F4952300C05850 /* Build configuration list for PBXNativeTarget "Project AppUITests" */;
			buildPhases = (
				5F0337AD23F4952300C05850 /* Sources */,
				5F0337AE23F4952300C05850 /* Frameworks */,
				5F0337AF23F4952300C05850 /* Resources */,
			);
			buildRules = (
			);
			dependencies = (
				5F0337B323F4952300C05850 /* PBXTargetDependency */,
			);
			name = "Project AppUITests";
			productName = "Project AppUITests";
			productReference = 5F0337B123F4952300C05850 /* Project AppUITests.xctest */;
			productType = "com.apple.product-type.bundle.ui-testing";
		};
/* End PBXNativeTarget section */

/* Begin PBXProject section */
		5F03378823F4952000C05850 /* Project object */ = {
			isa = PBXProject;
			attributes = {
				LastSwiftUpdateCheck = 1130;
				LastUpgradeCheck = 1130;
				ORGANIZATIONNAME = "Jefferson Santiago";
				TargetAttributes = {
					5F03378F23F4952000C05850 = {
						CreatedOnToolsVersion = 11.3.1;
					};
					5F0337A523F4952300C05850 = {
						CreatedOnToolsVersion = 11.3.1;
						TestTargetID = 5F03378F23F4952000C05850;
					};
					5F0337B023F4952300C05850 = {
						CreatedOnToolsVersion = 11.3.1;
						TestTargetID = 5F03378F23F4952000C05850;
					};
				};
			};
			buildConfigurationList = 5F03378B23F4952000C05850 /* Build configuration list for PBXProject "Project App" */;
			compatibilityVersion = "Xcode 9.3";
			developmentRegion = en;
			hasScannedForEncodings = 0;
			knownRegions = (
				en,
				Base,
			);
			mainGroup = 5F03378723F4952000C05850;
			productRefGroup = 5F03379123F4952000C05850 /* Products */;
			projectDirPath = "";
			projectRoot = "";
			targets = (
				5F03378F23F4952000C05850 /* Project App */,
				5F0337A523F4952300C05850 /* Project AppTests */,
				5F0337B023F4952300C05850 /* Project AppUITests */,
			);
		};
/* End PBXProject section */

/* Begin PBXResourcesBuildPhase section */
		5F03378E23F4952000C05850 /* Resources */ = {
			isa = PBXResourcesBuildPhase;
			buildActionMask = 2147483647;
			files = (
				5F03379D23F4952200C05850 /* Preview Assets.xcassets in Resources */,
				5F03379A23F4952200C05850 /* Assets.xcassets in Resources */,
			);
			runOnlyForDeploymentPostprocessing = 0;
		};
		5F0337A423F4952300C05850 /* Resources */ = {
			isa = PBXResourcesBuildPhase;
			buildActionMask = 2147483647;
			files = (
			);
			runOnlyForDeploymentPostprocessing = 0;
		};
		5F0337AF23F4952300C05850 /* Resources */ = {
			isa = PBXResourcesBuildPhase;
			buildActionMask = 2147483647;
			files = (
			);
			runOnlyForDeploymentPostprocessing = 0;
		};
/* End PBXResourcesBuildPhase section */

/* Begin PBXSourcesBuildPhase section */
		5F03378C23F4952000C05850 /* Sources */ = {
			isa = PBXSourcesBuildPhase;
			buildActionMask = 2147483647;
			files = (
				5F176C4F240F084D001FFEDA /* Camera.swift in Sources */,
				5F03379423F4952000C05850 /* AppDelegate.swift in Sources */,
				5F7A9D0B23F5DE100015C5DE /* RowViews.swift in Sources */,
				5FCE475123F4AAD0009ADD00 /* CircleImage.swift in Sources */,
				5FCE475323F4AC01009ADD00 /* MapView.swift in Sources */,
				5F6BABD623F8A57E00E68E2F /* ImagePicker.swift in Sources */,
				5F03379623F4952000C05850 /* SceneDelegate.swift in Sources */,
				5F03379823F4952000C05850 /* ContentView.swift in Sources */,
				5F0E1A7C23F64F690057FB2F /* Stuff.swift in Sources */,
				5F7A9D0D23F5DED90015C5DE /* People.swift in Sources */,
			);
			runOnlyForDeploymentPostprocessing = 0;
		};
		5F0337A223F4952300C05850 /* Sources */ = {
			isa = PBXSourcesBuildPhase;
			buildActionMask = 2147483647;
			files = (
				5F0337AB23F4952300C05850 /* Project_AppTests.swift in Sources */,
			);
			runOnlyForDeploymentPostprocessing = 0;
		};
		5F0337AD23F4952300C05850 /* Sources */ = {
			isa = PBXSourcesBuildPhase;
			buildActionMask = 2147483647;
			files = (
				5F0337B623F4952300C05850 /* Project_AppUITests.swift in Sources */,
			);
			runOnlyForDeploymentPostprocessing = 0;
		};
/* End PBXSourcesBuildPhase section */

/* Begin PBXTargetDependency section */
		5F0337A823F4952300C05850 /* PBXTargetDependency */ = {
			isa = PBXTargetDependency;
			target = 5F03378F23F4952000C05850 /* Project App */;
			targetProxy = 5F0337A723F4952300C05850 /* PBXContainerItemProxy */;
		};
		5F0337B323F4952300C05850 /* PBXTargetDependency */ = {
			isa = PBXTargetDependency;
			target = 5F03378F23F4952000C05850 /* Project App */;
			targetProxy = 5F0337B223F4952300C05850 /* PBXContainerItemProxy */;
		};
/* End PBXTargetDependency section */

/* Begin XCBuildConfiguration section */
		5F0337B823F4952300C05850 /* Debug */ = {
			isa = XCBuildConfiguration;
			buildSettings = {
				ALWAYS_SEARCH_USER_PATHS = NO;
				CLANG_ANALYZER_NONNULL = YES;
				CLANG_ANALYZER_NUMBER_OBJECT_CONVERSION = YES_AGGRESSIVE;
				CLANG_CXX_LANGUAGE_STANDARD = "gnu++14";
				CLANG_CXX_LIBRARY = "libc++";
				CLANG_ENABLE_MODULES = YES;
				CLANG_ENABLE_OBJC_ARC = YES;
				CLANG_ENABLE_OBJC_WEAK = YES;
				CLANG_WARN_BLOCK_CAPTURE_AUTORELEASING = YES;
				CLANG_WARN_BOOL_CONVERSION = YES;
				CLANG_WARN_COMMA = YES;
				CLANG_WARN_CONSTANT_CONVERSION = YES;
				CLANG_WARN_DEPRECATED_OBJC_IMPLEMENTATIONS = YES;
				CLANG_WARN_DIRECT_OBJC_ISA_USAGE = YES_ERROR;
				CLANG_WARN_DOCUMENTATION_COMMENTS = YES;
				CLANG_WARN_EMPTY_BODY = YES;
				CLANG_WARN_ENUM_CONVERSION = YES;
				CLANG_WARN_INFINITE_RECURSION = YES;
				CLANG_WARN_INT_CONVERSION = YES;
				CLANG_WARN_NON_LITERAL_NULL_CONVERSION = YES;
				CLANG_WARN_OBJC_IMPLICIT_RETAIN_SELF = YES;
				CLANG_WARN_OBJC_LITERAL_CONVERSION = YES;
				CLANG_WARN_OBJC_ROOT_CLASS = YES_ERROR;
				CLANG_WARN_RANGE_LOOP_ANALYSIS = YES;
				CLANG_WARN_STRICT_PROTOTYPES = YES;
				CLANG_WARN_SUSPICIOUS_MOVE = YES;
				CLANG_WARN_UNGUARDED_AVAILABILITY = YES_AGGRESSIVE;
				CLANG_WARN_UNREACHABLE_CODE = YES;
				CLANG_WARN__DUPLICATE_METHOD_MATCH = YES;
				COPY_PHASE_STRIP = NO;
				DEBUG_INFORMATION_FORMAT = dwarf;
				ENABLE_STRICT_OBJC_MSGSEND = YES;
				ENABLE_TESTABILITY = YES;
				GCC_C_LANGUAGE_STANDARD = gnu11;
				GCC_DYNAMIC_NO_PIC = NO;
				GCC_NO_COMMON_BLOCKS = YES;
				GCC_OPTIMIZATION_LEVEL = 0;
				GCC_PREPROCESSOR_DEFINITIONS = (
					"DEBUG=1",
					"$(inherited)",
				);
				GCC_WARN_64_TO_32_BIT_CONVERSION = YES;
				GCC_WARN_ABOUT_RETURN_TYPE = YES_ERROR;
				GCC_WARN_UNDECLARED_SELECTOR = YES;
				GCC_WARN_UNINITIALIZED_AUTOS = YES_AGGRESSIVE;
				GCC_WARN_UNUSED_FUNCTION = YES;
				GCC_WARN_UNUSED_VARIABLE = YES;
				IPHONEOS_DEPLOYMENT_TARGET = 13.2;
				MTL_ENABLE_DEBUG_INFO = INCLUDE_SOURCE;
				MTL_FAST_MATH = YES;
				ONLY_ACTIVE_ARCH = YES;
				SDKROOT = iphoneos;
				SWIFT_ACTIVE_COMPILATION_CONDITIONS = DEBUG;
				SWIFT_OPTIMIZATION_LEVEL = "-Onone";
			};
			name = Debug;
		};
		5F0337B923F4952300C05850 /* Release */ = {
			isa = XCBuildConfiguration;
			buildSettings = {
				ALWAYS_SEARCH_USER_PATHS = NO;
				CLANG_ANALYZER_NONNULL = YES;
				CLANG_ANALYZER_NUMBER_OBJECT_CONVERSION = YES_AGGRESSIVE;
				CLANG_CXX_LANGUAGE_STANDARD = "gnu++14";
				CLANG_CXX_LIBRARY = "libc++";
				CLANG_ENABLE_MODULES = YES;
				CLANG_ENABLE_OBJC_ARC = YES;
				CLANG_ENABLE_OBJC_WEAK = YES;
				CLANG_WARN_BLOCK_CAPTURE_AUTORELEASING = YES;
				CLANG_WARN_BOOL_CONVERSION = YES;
				CLANG_WARN_COMMA = YES;
				CLANG_WARN_CONSTANT_CONVERSION = YES;
				CLANG_WARN_DEPRECATED_OBJC_IMPLEMENTATIONS = YES;
				CLANG_WARN_DIRECT_OBJC_ISA_USAGE = YES_ERROR;
				CLANG_WARN_DOCUMENTATION_COMMENTS = YES;
				CLANG_WARN_EMPTY_BODY = YES;
				CLANG_WARN_ENUM_CONVERSION = YES;
				CLANG_WARN_INFINITE_RECURSION = YES;
				CLANG_WARN_INT_CONVERSION = YES;
				CLANG_WARN_NON_LITERAL_NULL_CONVERSION = YES;
				CLANG_WARN_OBJC_IMPLICIT_RETAIN_SELF = YES;
				CLANG_WARN_OBJC_LITERAL_CONVERSION = YES;
				CLANG_WARN_OBJC_ROOT_CLASS = YES_ERROR;
				CLANG_WARN_RANGE_LOOP_ANALYSIS = YES;
				CLANG_WARN_STRICT_PROTOTYPES = YES;
				CLANG_WARN_SUSPICIOUS_MOVE = YES;
				CLANG_WARN_UNGUARDED_AVAILABILITY = YES_AGGRESSIVE;
				CLANG_WARN_UNREACHABLE_CODE = YES;
				CLANG_WARN__DUPLICATE_METHOD_MATCH = YES;
				COPY_PHASE_STRIP = NO;
				DEBUG_INFORMATION_FORMAT = "dwarf-with-dsym";
				ENABLE_NS_ASSERTIONS = NO;
				ENABLE_STRICT_OBJC_MSGSEND = YES;
				GCC_C_LANGUAGE_STANDARD = gnu11;
				GCC_NO_COMMON_BLOCKS = YES;
				GCC_WARN_64_TO_32_BIT_CONVERSION = YES;
				GCC_WARN_ABOUT_RETURN_TYPE = YES_ERROR;
				GCC_WARN_UNDECLARED_SELECTOR = YES;
				GCC_WARN_UNINITIALIZED_AUTOS = YES_AGGRESSIVE;
				GCC_WARN_UNUSED_FUNCTION = YES;
				GCC_WARN_UNUSED_VARIABLE = YES;
				IPHONEOS_DEPLOYMENT_TARGET = 13.2;
				MTL_ENABLE_DEBUG_INFO = NO;
				MTL_FAST_MATH = YES;
				SDKROOT = iphoneos;
				SWIFT_COMPILATION_MODE = wholemodule;
				SWIFT_OPTIMIZATION_LEVEL = "-O";
				VALIDATE_PRODUCT = YES;
			};
			name = Release;
		};
		5F0337BB23F4952300C05850 /* Debug */ = {
			isa = XCBuildConfiguration;
			buildSettings = {
				ASSETCATALOG_COMPILER_APPICON_NAME = AppIcon;
				CODE_SIGN_STYLE = Automatic;
				DEVELOPMENT_ASSET_PATHS = "\"Project App/Preview Content\"";
				DEVELOPMENT_TEAM = 8P6LRC6D3J;
				ENABLE_PREVIEWS = YES;
				INFOPLIST_FILE = "Project App/Info.plist";
				LD_RUNPATH_SEARCH_PATHS = (
					"$(inherited)",
					"@executable_path/Frameworks",
				);
				PRODUCT_BUNDLE_IDENTIFIER = "Random.Project-App";
				PRODUCT_NAME = "$(TARGET_NAME)";
				SWIFT_VERSION = 5.0;
				TARGETED_DEVICE_FAMILY = "1,2";
			};
			name = Debug;
		};
		5F0337BC23F4952300C05850 /* Release */ = {
			isa = XCBuildConfiguration;
			buildSettings = {
				ASSETCATALOG_COMPILER_APPICON_NAME = AppIcon;
				CODE_SIGN_STYLE = Automatic;
				DEVELOPMENT_ASSET_PATHS = "\"Project App/Preview Content\"";
				DEVELOPMENT_TEAM = 8P6LRC6D3J;
				ENABLE_PREVIEWS = YES;
				INFOPLIST_FILE = "Project App/Info.plist";
				LD_RUNPATH_SEARCH_PATHS = (
					"$(inherited)",
					"@executable_path/Frameworks",
				);
				PRODUCT_BUNDLE_IDENTIFIER = "Random.Project-App";
				PRODUCT_NAME = "$(TARGET_NAME)";
				SWIFT_VERSION = 5.0;
				TARGETED_DEVICE_FAMILY = "1,2";
			};
			name = Release;
		};
		5F0337BE23F4952300C05850 /* Debug */ = {
			isa = XCBuildConfiguration;
			buildSettings = {
				ALWAYS_EMBED_SWIFT_STANDARD_LIBRARIES = YES;
				BUNDLE_LOADER = "$(TEST_HOST)";
				CODE_SIGN_STYLE = Automatic;
				INFOPLIST_FILE = "Project AppTests/Info.plist";
				IPHONEOS_DEPLOYMENT_TARGET = 13.2;
				LD_RUNPATH_SEARCH_PATHS = (
					"$(inherited)",
					"@executable_path/Frameworks",
					"@loader_path/Frameworks",
				);
				PRODUCT_BUNDLE_IDENTIFIER = "Random.Project-AppTests";
				PRODUCT_NAME = "$(TARGET_NAME)";
				SWIFT_VERSION = 5.0;
				TARGETED_DEVICE_FAMILY = "1,2";
				TEST_HOST = "$(BUILT_PRODUCTS_DIR)/Project App.app/Project App";
			};
			name = Debug;
		};
		5F0337BF23F4952300C05850 /* Release */ = {
			isa = XCBuildConfiguration;
			buildSettings = {
				ALWAYS_EMBED_SWIFT_STANDARD_LIBRARIES = YES;
				BUNDLE_LOADER = "$(TEST_HOST)";
				CODE_SIGN_STYLE = Automatic;
				INFOPLIST_FILE = "Project AppTests/Info.plist";
				IPHONEOS_DEPLOYMENT_TARGET = 13.2;
				LD_RUNPATH_SEARCH_PATHS = (
					"$(inherited)",
					"@executable_path/Frameworks",
					"@loader_path/Frameworks",
				);
				PRODUCT_BUNDLE_IDENTIFIER = "Random.Project-AppTests";
				PRODUCT_NAME = "$(TARGET_NAME)";
				SWIFT_VERSION = 5.0;
				TARGETED_DEVICE_FAMILY = "1,2";
				TEST_HOST = "$(BUILT_PRODUCTS_DIR)/Project App.app/Project App";
			};
			name = Release;
		};
		5F0337C123F4952300C05850 /* Debug */ = {
			isa = XCBuildConfiguration;
			buildSettings = {
				ALWAYS_EMBED_SWIFT_STANDARD_LIBRARIES = YES;
				CODE_SIGN_STYLE = Automatic;
				INFOPLIST_FILE = "Project AppUITests/Info.plist";
				LD_RUNPATH_SEARCH_PATHS = (
					"$(inherited)",
					"@executable_path/Frameworks",
					"@loader_path/Frameworks",
				);
				PRODUCT_BUNDLE_IDENTIFIER = "Random.Project-AppUITests";
				PRODUCT_NAME = "$(TARGET_NAME)";
				SWIFT_VERSION = 5.0;
				TARGETED_DEVICE_FAMILY = "1,2";
				TEST_TARGET_NAME = "Project App";
			};
			name = Debug;
		};
		5F0337C223F4952300C05850 /* Release */ = {
			isa = XCBuildConfiguration;
			buildSettings = {
				ALWAYS_EMBED_SWIFT_STANDARD_LIBRARIES = YES;
				CODE_SIGN_STYLE = Automatic;
				INFOPLIST_FILE = "Project AppUITests/Info.plist";
				LD_RUNPATH_SEARCH_PATHS = (
					"$(inherited)",
					"@executable_path/Frameworks",
					"@loader_path/Frameworks",
				);
				PRODUCT_BUNDLE_IDENTIFIER = "Random.Project-AppUITests";
				PRODUCT_NAME = "$(TARGET_NAME)";
				SWIFT_VERSION = 5.0;
				TARGETED_DEVICE_FAMILY = "1,2";
				TEST_TARGET_NAME = "Project App";
			};
			name = Release;
		};
/* End XCBuildConfiguration section */

/* Begin XCConfigurationList section */
		5F03378B23F4952000C05850 /* Build configuration list for PBXProject "Project App" */ = {
			isa = XCConfigurationList;
			buildConfigurations = (
				5F0337B823F4952300C05850 /* Debug */,
				5F0337B923F4952300C05850 /* Release */,
			);
			defaultConfigurationIsVisible = 0;
			defaultConfigurationName = Release;
		};
		5F0337BA23F4952300C05850 /* Build configuration list for PBXNativeTarget "Project App" */ = {
			isa = XCConfigurationList;
			buildConfigurations = (
				5F0337BB23F4952300C05850 /* Debug */,
				5F0337BC23F4952300C05850 /* Release */,
			);
			defaultConfigurationIsVisible = 0;
			defaultConfigurationName = Release;
		};
		5F0337BD23F4952300C05850 /* Build configuration list for PBXNativeTarget "Project AppTests" */ = {
			isa = XCConfigurationList;
			buildConfigurations = (
				5F0337BE23F4952300C05850 /* Debug */,
				5F0337BF23F4952300C05850 /* Release */,
			);
			defaultConfigurationIsVisible = 0;
			defaultConfigurationName = Release;
		};
		5F0337C023F4952300C05850 /* Build configuration list for PBXNativeTarget "Project AppUITests" */ = {
			isa = XCConfigurationList;
			buildConfigurations = (
				5F0337C123F4952300C05850 /* Debug */,
				5F0337C223F4952300C05850 /* Release */,
			);
			defaultConfigurationIsVisible = 0;
			defaultConfigurationName = Release;
		};
/* End XCConfigurationList section */
	};
	rootObject = 5F03378823F4952000C05850 /* Project object */;
}
